
Microsoft Visual Studio Solution File, Format Version 12.00
# Visual Studio Version 17
VisualStudioVersion = 17.5.002.0
MinimumVisualStudioVersion = 10.0.40219.1
Project("{9A19103F-16F7-4668-BE54-9A1E7A4F7556}") = "Blazor", "Blazor.csproj", "{B9CE71D3-3A53-487E-8705-BB37262A4B7D}"
EndProject
Global
	GlobalSection(SolutionConfigurationPlatforms) = preSolution
		Debug|Any CPU = Debug|Any CPU
		Release|Any CPU = Release|Any CPU
	EndGlobalSection
	GlobalSection(ProjectConfigurationPlatforms) = postSolution
		{B9CE71D3-3A53-487E-8705-BB37262A4B7D}.Debug|Any CPU.ActiveCfg = Debug|Any CPU
		{B9CE71D3-3A53-487E-8705-BB37262A4B7D}.Debug|Any CPU.Build.0 = Debug|Any CPU
		{B9CE71D3-3A53-487E-8705-BB37262A4B7D}.Release|Any CPU.ActiveCfg = Release|Any CPU
		{B9CE71D3-3A53-487E-8705-BB37262A4B7D}.Release|Any CPU.Build.0 = Release|Any CPU
	EndGlobalSection
	GlobalSection(SolutionProperties) = preSolution
		HideSolutionNode = FALSE
	EndGlobalSection
	GlobalSection(ExtensibilityGlobals) = postSolution
		SolutionGuid = {929A5B39-A239-43F7-BD01-8E291A310E03}
	EndGlobalSection
EndGlobal
