Microsoft Visual Studio Solution File, Format Version 12.00
# Visual Studio Version 16
VisualStudioVersion = 16.0.0.0
MinimumVisualStudioVersion = 16.0.0.0
Project("{9A19103F-16F7-4668-BE54-9A1E7A4F7556}") = "Blazor", "Blazor\Blazor.csproj", "{C17D1FA0-A70D-4E1D-A494-28258EDCF5B5}"
EndProject
Project("{9A19103F-16F7-4668-BE54-9A1E7A4F7556}") = "Blazor.Client", "Blazor.Client\Blazor.Client.csproj", "{6D2B3513-30F6-4B65-BAD5-E25DA532AD25}"
EndProject
Global
	GlobalSection(SolutionConfigurationPlatforms) = preSolution
		Debug|Any CPU = Debug|Any CPU
		Debug|x64 = Debug|x64
		Debug|x86 = Debug|x86
		Release|Any CPU = Release|Any CPU
		Release|x64 = Release|x64
		Release|x86 = Release|x86
	EndGlobalSection
	GlobalSection(ProjectConfigurationPlatforms) = postSolution
		{6D2B3513-30F6-4B65-BAD5-E25DA532AD25}.Debug|Any CPU.ActiveCfg = Debug|Any CPU
		{6D2B3513-30F6-4B65-BAD5-E25DA532AD25}.Debug|Any CPU.Build.0 = Debug|Any CPU
		{6D2B3513-30F6-4B65-BAD5-E25DA532AD25}.Debug|x64.ActiveCfg = Debug|Any CPU
		{6D2B3513-30F6-4B65-BAD5-E25DA532AD25}.Debug|x64.Build.0 = Debug|Any CPU
		{6D2B3513-30F6-4B65-BAD5-E25DA532AD25}.Debug|x86.ActiveCfg = Debug|Any CPU
		{6D2B3513-30F6-4B65-BAD5-E25DA532AD25}.Debug|x86.Build.0 = Debug|Any CPU
		{6D2B3513-30F6-4B65-BAD5-E25DA532AD25}.Release|Any CPU.ActiveCfg = Release|Any CPU
		{6D2B3513-30F6-4B65-BAD5-E25DA532AD25}.Release|Any CPU.Build.0 = Release|Any CPU
		{6D2B3513-30F6-4B65-BAD5-E25DA532AD25}.Release|x64.ActiveCfg = Release|Any CPU
		{6D2B3513-30F6-4B65-BAD5-E25DA532AD25}.Release|x64.Build.0 = Release|Any CPU
		{6D2B3513-30F6-4B65-BAD5-E25DA532AD25}.Release|x86.ActiveCfg = Release|Any CPU
		{6D2B3513-30F6-4B65-BAD5-E25DA532AD25}.Release|x86.Build.0 = Release|Any CPU
		{C17D1FA0-A70D-4E1D-A494-28258EDCF5B5}.Debug|Any CPU.ActiveCfg = Debug|Any CPU
		{C17D1FA0-A70D-4E1D-A494-28258EDCF5B5}.Debug|Any CPU.Build.0 = Debug|Any CPU
		{C17D1FA0-A70D-4E1D-A494-28258EDCF5B5}.Debug|x64.ActiveCfg = Debug|Any CPU
		{C17D1FA0-A70D-4E1D-A494-28258EDCF5B5}.Debug|x64.Build.0 = Debug|Any CPU
		{C17D1FA0-A70D-4E1D-A494-28258EDCF5B5}.Debug|x86.ActiveCfg = Debug|Any CPU
		{C17D1FA0-A70D-4E1D-A494-28258EDCF5B5}.Debug|x86.Build.0 = Debug|Any CPU
		{C17D1FA0-A70D-4E1D-A494-28258EDCF5B5}.Release|Any CPU.ActiveCfg = Release|Any CPU
		{C17D1FA0-A70D-4E1D-A494-28258EDCF5B5}.Release|Any CPU.Build.0 = Release|Any CPU
		{C17D1FA0-A70D-4E1D-A494-28258EDCF5B5}.Release|x64.ActiveCfg = Release|Any CPU
		{C17D1FA0-A70D-4E1D-A494-28258EDCF5B5}.Release|x64.Build.0 = Release|Any CPU
		{C17D1FA0-A70D-4E1D-A494-28258EDCF5B5}.Release|x86.ActiveCfg = Release|Any CPU
		{C17D1FA0-A70D-4E1D-A494-28258EDCF5B5}.Release|x86.Build.0 = Release|Any CPU
	EndGlobalSection
	GlobalSection(SolutionProperties) = preSolution
		HideSolutionNode = FALSE
	EndGlobalSection
	GlobalSection(ExtensibilityGlobals) = postSolution
		SolutionGuid = {5C7FDEEA-1793-4EA8-873D-1DD63374AB0C}
	EndGlobalSection
EndGlobal
